
Microsoft Visual Studio Solution File, Format Version 12.00
# Visual Studio Version 17
VisualStudioVersion = 17.4.33103.184
MinimumVisualStudioVersion = 10.0.40219.1
Project("{8BC9CEB8-8B4A-11D0-8D11-00A0C91BC942}") = "Lab_08_01it", "Lab_08_01it.vcxproj", "{DAC5F512-E8C1-419E-B4CE-32BFEDE70637}"
EndProject
Project("{8BC9CEB8-8B4A-11D0-8D11-00A0C91BC942}") = "UnitTest0801str", "..\UnitTest0801str\UnitTest0801str.vcxproj", "{3E5D3AC1-698D-4CAE-B30F-C814DF8E2A70}"
EndProject
Global
	GlobalSection(SolutionConfigurationPlatforms) = preSolution
		Debug|x64 = Debug|x64
		Debug|x86 = Debug|x86
		Release|x64 = Release|x64
		Release|x86 = Release|x86
	EndGlobalSection
	GlobalSection(ProjectConfigurationPlatforms) = postSolution
		{DAC5F512-E8C1-419E-B4CE-32BFEDE70637}.Debug|x64.ActiveCfg = Debug|x64
		{DAC5F512-E8C1-419E-B4CE-32BFEDE70637}.Debug|x64.Build.0 = Debug|x64
		{DAC5F512-E8C1-419E-B4CE-32BFEDE70637}.Debug|x86.ActiveCfg = Debug|Win32
		{DAC5F512-E8C1-419E-B4CE-32BFEDE70637}.Debug|x86.Build.0 = Debug|Win32
		{DAC5F512-E8C1-419E-B4CE-32BFEDE70637}.Release|x64.ActiveCfg = Release|x64
		{DAC5F512-E8C1-419E-B4CE-32BFEDE70637}.Release|x64.Build.0 = Release|x64
		{DAC5F512-E8C1-419E-B4CE-32BFEDE70637}.Release|x86.ActiveCfg = Release|Win32
		{DAC5F512-E8C1-419E-B4CE-32BFEDE70637}.Release|x86.Build.0 = Release|Win32
		{3E5D3AC1-698D-4CAE-B30F-C814DF8E2A70}.Debug|x64.ActiveCfg = Debug|x64
		{3E5D3AC1-698D-4CAE-B30F-C814DF8E2A70}.Debug|x64.Build.0 = Debug|x64
		{3E5D3AC1-698D-4CAE-B30F-C814DF8E2A70}.Debug|x86.ActiveCfg = Debug|Win32
		{3E5D3AC1-698D-4CAE-B30F-C814DF8E2A70}.Debug|x86.Build.0 = Debug|Win32
		{3E5D3AC1-698D-4CAE-B30F-C814DF8E2A70}.Release|x64.ActiveCfg = Release|x64
		{3E5D3AC1-698D-4CAE-B30F-C814DF8E2A70}.Release|x64.Build.0 = Release|x64
		{3E5D3AC1-698D-4CAE-B30F-C814DF8E2A70}.Release|x86.ActiveCfg = Release|Win32
		{3E5D3AC1-698D-4CAE-B30F-C814DF8E2A70}.Release|x86.Build.0 = Release|Win32
	EndGlobalSection
	GlobalSection(SolutionProperties) = preSolution
		HideSolutionNode = FALSE
	EndGlobalSection
	GlobalSection(ExtensibilityGlobals) = postSolution
		SolutionGuid = {70267ABF-FEF3-4670-873E-79815562343D}
	EndGlobalSection
EndGlobal
